
Microsoft Visual Studio Solution File, Format Version 12.00
# Visual Studio Version 17
VisualStudioVersion = 17.0.31903.59
MinimumVisualStudioVersion = 10.0.40219.1
Project("{9A19103F-16F7-4668-BE54-9A1E7A4F7556}") = "CqrsMediator.Entities", "CqrsMediator.Entities\CqrsMediator.Entities.csproj", "{8FD92896-CC07-4637-BC87-BE8E23694038}"
EndProject
Project("{9A19103F-16F7-4668-BE54-9A1E7A4F7556}") = "CqrsMediator.DataService", "CqrsMediator.DataService\CqrsMediator.DataService.csproj", "{64CBF807-C54B-4FA7-936F-4803C71C74E4}"
EndProject
Project("{9A19103F-16F7-4668-BE54-9A1E7A4F7556}") = "CqrsMediator.Api", "CqrsMediator.Api\CqrsMediator.Api.csproj", "{89A4B690-1AC4-4021-9157-F5A35903B831}"
EndProject
Project("{2150E333-8FDC-42A3-9474-1A3956D46DE8}") = ".github", ".github", "{68D16582-E894-46F1-9149-1FB4BCDFFD22}"
EndProject
Project("{2150E333-8FDC-42A3-9474-1A3956D46DE8}") = "workflows", "workflows", "{0AD74A91-65F6-4BAF-B134-F5BBEF71098B}"
	ProjectSection(SolutionItems) = preProject
		cqrs.yaml = cqrs.yaml
	EndProjectSection
EndProject
Global
	GlobalSection(SolutionConfigurationPlatforms) = preSolution
		Debug|Any CPU = Debug|Any CPU
		Release|Any CPU = Release|Any CPU
	EndGlobalSection
	GlobalSection(ProjectConfigurationPlatforms) = postSolution
		{8FD92896-CC07-4637-BC87-BE8E23694038}.Debug|Any CPU.ActiveCfg = Debug|Any CPU
		{8FD92896-CC07-4637-BC87-BE8E23694038}.Debug|Any CPU.Build.0 = Debug|Any CPU
		{8FD92896-CC07-4637-BC87-BE8E23694038}.Release|Any CPU.ActiveCfg = Release|Any CPU
		{8FD92896-CC07-4637-BC87-BE8E23694038}.Release|Any CPU.Build.0 = Release|Any CPU
		{64CBF807-C54B-4FA7-936F-4803C71C74E4}.Debug|Any CPU.ActiveCfg = Debug|Any CPU
		{64CBF807-C54B-4FA7-936F-4803C71C74E4}.Debug|Any CPU.Build.0 = Debug|Any CPU
		{64CBF807-C54B-4FA7-936F-4803C71C74E4}.Release|Any CPU.ActiveCfg = Release|Any CPU
		{64CBF807-C54B-4FA7-936F-4803C71C74E4}.Release|Any CPU.Build.0 = Release|Any CPU
		{89A4B690-1AC4-4021-9157-F5A35903B831}.Debug|Any CPU.ActiveCfg = Debug|Any CPU
		{89A4B690-1AC4-4021-9157-F5A35903B831}.Debug|Any CPU.Build.0 = Debug|Any CPU
		{89A4B690-1AC4-4021-9157-F5A35903B831}.Release|Any CPU.ActiveCfg = Release|Any CPU
		{89A4B690-1AC4-4021-9157-F5A35903B831}.Release|Any CPU.Build.0 = Release|Any CPU
	EndGlobalSection
	GlobalSection(SolutionProperties) = preSolution
		HideSolutionNode = FALSE
	EndGlobalSection
	GlobalSection(NestedProjects) = preSolution
		{0AD74A91-65F6-4BAF-B134-F5BBEF71098B} = {68D16582-E894-46F1-9149-1FB4BCDFFD22}
	EndGlobalSection
	GlobalSection(ExtensibilityGlobals) = postSolution
		SolutionGuid = {98B89844-EBD2-4D73-B8B8-4F656767216E}
	EndGlobalSection
EndGlobal
